
Microsoft Visual Studio Solution File, Format Version 12.00
# Visual Studio 14
VisualStudioVersion = 14.0.25420.1
MinimumVisualStudioVersion = 10.0.40219.1
Project("{FAE04EC0-301F-11D3-BF4B-00C04F79EFBC}") = "BTL", "BTL\BTL.csproj", "{290BFC8C-CF65-4E7E-A0A0-80B1D918EF9F}"
EndProject
Global
	GlobalSection(SolutionConfigurationPlatforms) = preSolution
		CD_ROM|Any CPU = CD_ROM|Any CPU
		Debug|Any CPU = Debug|Any CPU
		DVD-5|Any CPU = DVD-5|Any CPU
		Release|Any CPU = Release|Any CPU
		SingleImage|Any CPU = SingleImage|Any CPU
	EndGlobalSection
	GlobalSection(ProjectConfigurationPlatforms) = postSolution
		{290BFC8C-CF65-4E7E-A0A0-80B1D918EF9F}.CD_ROM|Any CPU.ActiveCfg = Release|Any CPU
		{290BFC8C-CF65-4E7E-A0A0-80B1D918EF9F}.CD_ROM|Any CPU.Build.0 = Release|Any CPU
		{290BFC8C-CF65-4E7E-A0A0-80B1D918EF9F}.Debug|Any CPU.ActiveCfg = Debug|Any CPU
		{290BFC8C-CF65-4E7E-A0A0-80B1D918EF9F}.Debug|Any CPU.Build.0 = Debug|Any CPU
		{290BFC8C-CF65-4E7E-A0A0-80B1D918EF9F}.DVD-5|Any CPU.ActiveCfg = Debug|Any CPU
		{290BFC8C-CF65-4E7E-A0A0-80B1D918EF9F}.DVD-5|Any CPU.Build.0 = Debug|Any CPU
		{290BFC8C-CF65-4E7E-A0A0-80B1D918EF9F}.Release|Any CPU.ActiveCfg = Release|Any CPU
		{290BFC8C-CF65-4E7E-A0A0-80B1D918EF9F}.Release|Any CPU.Build.0 = Release|Any CPU
		{290BFC8C-CF65-4E7E-A0A0-80B1D918EF9F}.SingleImage|Any CPU.ActiveCfg = Release|Any CPU
		{290BFC8C-CF65-4E7E-A0A0-80B1D918EF9F}.SingleImage|Any CPU.Build.0 = Release|Any CPU
	EndGlobalSection
	GlobalSection(SolutionProperties) = preSolution
		HideSolutionNode = FALSE
	EndGlobalSection
EndGlobal
